
Microsoft Visual Studio Solution File, Format Version 12.00
# Visual Studio 15
VisualStudioVersion = 15.0.28307.168
MinimumVisualStudioVersion = 10.0.40219.1
Project("{FAE04EC0-301F-11D3-BF4B-00C04F79EFBC}") = "AtividadeAvaliativa", "AtividadeAvaliativa\AtividadeAvaliativa.csproj", "{63D19DA3-099A-418F-B81D-903CEF407EAC}"
EndProject
Global
	GlobalSection(SolutionConfigurationPlatforms) = preSolution
		Debug|Any CPU = Debug|Any CPU
		Release|Any CPU = Release|Any CPU
	EndGlobalSection
	GlobalSection(ProjectConfigurationPlatforms) = postSolution
		{63D19DA3-099A-418F-B81D-903CEF407EAC}.Debug|Any CPU.ActiveCfg = Debug|Any CPU
		{63D19DA3-099A-418F-B81D-903CEF407EAC}.Debug|Any CPU.Build.0 = Debug|Any CPU
		{63D19DA3-099A-418F-B81D-903CEF407EAC}.Release|Any CPU.ActiveCfg = Release|Any CPU
		{63D19DA3-099A-418F-B81D-903CEF407EAC}.Release|Any CPU.Build.0 = Release|Any CPU
	EndGlobalSection
	GlobalSection(SolutionProperties) = preSolution
		HideSolutionNode = FALSE
	EndGlobalSection
	GlobalSection(ExtensibilityGlobals) = postSolution
		SolutionGuid = {B3D5E3D2-96DA-485C-963D-95E180FA5C48}
	EndGlobalSection
EndGlobal
