
Microsoft Visual Studio Solution File, Format Version 12.00
# Visual Studio 15
VisualStudioVersion = 15.0.28307.168
MinimumVisualStudioVersion = 10.0.40219.1
Project("{FAE04EC0-301F-11D3-BF4B-00C04F79EFBC}") = "Calculadora", "Calculadora\Calculadora.csproj", "{673F7509-2201-4E31-A5DD-64FAD785464A}"
EndProject
Global
	GlobalSection(SolutionConfigurationPlatforms) = preSolution
		Debug|Any CPU = Debug|Any CPU
		Release|Any CPU = Release|Any CPU
	EndGlobalSection
	GlobalSection(ProjectConfigurationPlatforms) = postSolution
		{673F7509-2201-4E31-A5DD-64FAD785464A}.Debug|Any CPU.ActiveCfg = Debug|Any CPU
		{673F7509-2201-4E31-A5DD-64FAD785464A}.Debug|Any CPU.Build.0 = Debug|Any CPU
		{673F7509-2201-4E31-A5DD-64FAD785464A}.Release|Any CPU.ActiveCfg = Release|Any CPU
		{673F7509-2201-4E31-A5DD-64FAD785464A}.Release|Any CPU.Build.0 = Release|Any CPU
	EndGlobalSection
	GlobalSection(SolutionProperties) = preSolution
		HideSolutionNode = FALSE
	EndGlobalSection
	GlobalSection(ExtensibilityGlobals) = postSolution
		SolutionGuid = {A72FCAF3-9FDD-4A98-A38C-9F3CE2F354DA}
	EndGlobalSection
EndGlobal
