
Microsoft Visual Studio Solution File, Format Version 12.00
# Visual Studio 15
VisualStudioVersion = 15.0.28307.168
MinimumVisualStudioVersion = 10.0.40219.1
Project("{FAE04EC0-301F-11D3-BF4B-00C04F79EFBC}") = "Semaforo", "Semaforo\Semaforo.csproj", "{146A7EF3-DBF1-47A1-A741-13D1E414F3FA}"
EndProject
Global
	GlobalSection(SolutionConfigurationPlatforms) = preSolution
		Debug|Any CPU = Debug|Any CPU
		Release|Any CPU = Release|Any CPU
	EndGlobalSection
	GlobalSection(ProjectConfigurationPlatforms) = postSolution
		{146A7EF3-DBF1-47A1-A741-13D1E414F3FA}.Debug|Any CPU.ActiveCfg = Debug|Any CPU
		{146A7EF3-DBF1-47A1-A741-13D1E414F3FA}.Debug|Any CPU.Build.0 = Debug|Any CPU
		{146A7EF3-DBF1-47A1-A741-13D1E414F3FA}.Release|Any CPU.ActiveCfg = Release|Any CPU
		{146A7EF3-DBF1-47A1-A741-13D1E414F3FA}.Release|Any CPU.Build.0 = Release|Any CPU
	EndGlobalSection
	GlobalSection(SolutionProperties) = preSolution
		HideSolutionNode = FALSE
	EndGlobalSection
	GlobalSection(ExtensibilityGlobals) = postSolution
		SolutionGuid = {E6BB1B85-23EA-4C15-B907-0393A213A542}
	EndGlobalSection
EndGlobal
