
Microsoft Visual Studio Solution File, Format Version 12.00
# Visual Studio 15
VisualStudioVersion = 15.0.28307.168
MinimumVisualStudioVersion = 10.0.40219.1
Project("{FAE04EC0-301F-11D3-BF4B-00C04F79EFBC}") = "BandoDeDados", "BandoDeDados.csproj", "{31067BE0-FC27-425C-A8B0-97D7D867803A}"
EndProject
Global
	GlobalSection(SolutionConfigurationPlatforms) = preSolution
		Debug|Any CPU = Debug|Any CPU
		Release|Any CPU = Release|Any CPU
	EndGlobalSection
	GlobalSection(ProjectConfigurationPlatforms) = postSolution
		{31067BE0-FC27-425C-A8B0-97D7D867803A}.Debug|Any CPU.ActiveCfg = Debug|Any CPU
		{31067BE0-FC27-425C-A8B0-97D7D867803A}.Debug|Any CPU.Build.0 = Debug|Any CPU
		{31067BE0-FC27-425C-A8B0-97D7D867803A}.Release|Any CPU.ActiveCfg = Release|Any CPU
		{31067BE0-FC27-425C-A8B0-97D7D867803A}.Release|Any CPU.Build.0 = Release|Any CPU
	EndGlobalSection
	GlobalSection(SolutionProperties) = preSolution
		HideSolutionNode = FALSE
	EndGlobalSection
	GlobalSection(ExtensibilityGlobals) = postSolution
		SolutionGuid = {47AFA6F2-9CC6-482F-95A4-76EBD381145F}
	EndGlobalSection
EndGlobal
